{
  "name": "ng1.0-demo",
  "version": "1.0.0",
  "lockfileVersion": 1,
  "requires": true,
  "dependencies": {
    "@uirouter/angularjs": {
      "version": "1.0.20",
      "resolved": "http://registry.npm.taobao.org/@uirouter/angularjs/download/@uirouter/angularjs-1.0.20.tgz",
      "integrity": "sha1-vTMFRMsvHDWYf2ENj8NTBxeGwE4=",
      "requires": {
        "@uirouter/core": "5.0.21"
      }
    },
    "@uirouter/core": {
      "version": "5.0.21",
      "resolved": "http://registry.npm.taobao.org/@uirouter/core/download/@uirouter/core-5.0.21.tgz",
      "integrity": "sha1-tsTDEelBah6M52sHLgQqYCJNGzo="
    },
    "angular": {
      "version": "1.5.8",
      "resolved": "http://registry.npm.taobao.org/angular/download/angular-1.5.8.tgz",
      "integrity": "sha1-klpTkrjCEtCVctxEbbfgEmTglMs="
    }
  }
}
